
Microsoft Visual Studio Solution File, Format Version 12.00
# Visual Studio Version 16
VisualStudioVersion = 16.0.29806.167
MinimumVisualStudioVersion = 10.0.40219.1
Project("{FAE04EC0-301F-11D3-BF4B-00C04F79EFBC}") = "palindromo", "palindromo\palindromo.csproj", "{933C508A-4780-4D93-920D-A5131635EBAA}"
EndProject
Global
	GlobalSection(SolutionConfigurationPlatforms) = preSolution
		Debug|Any CPU = Debug|Any CPU
		Release|Any CPU = Release|Any CPU
	EndGlobalSection
	GlobalSection(ProjectConfigurationPlatforms) = postSolution
		{933C508A-4780-4D93-920D-A5131635EBAA}.Debug|Any CPU.ActiveCfg = Debug|Any CPU
		{933C508A-4780-4D93-920D-A5131635EBAA}.Debug|Any CPU.Build.0 = Debug|Any CPU
		{933C508A-4780-4D93-920D-A5131635EBAA}.Release|Any CPU.ActiveCfg = Release|Any CPU
		{933C508A-4780-4D93-920D-A5131635EBAA}.Release|Any CPU.Build.0 = Release|Any CPU
	EndGlobalSection
	GlobalSection(SolutionProperties) = preSolution
		HideSolutionNode = FALSE
	EndGlobalSection
	GlobalSection(ExtensibilityGlobals) = postSolution
		SolutionGuid = {66A31E86-5F6C-4545-AD07-F2D77304233B}
	EndGlobalSection
EndGlobal
